
Microsoft Visual Studio Solution File, Format Version 12.00
# Visual Studio Version 17
VisualStudioVersion = 17.5.33424.131
MinimumVisualStudioVersion = 10.0.40219.1
Project("{FAE04EC0-301F-11D3-BF4B-00C04F79EFBC}") = "EduAppApi", "EduAppApi.csproj", "{7F734CE7-A378-4D9C-B2AD-895FEF64CC44}"
EndProject
Global
	GlobalSection(SolutionConfigurationPlatforms) = preSolution
		Debug|Any CPU = Debug|Any CPU
		Release|Any CPU = Release|Any CPU
	EndGlobalSection
	GlobalSection(ProjectConfigurationPlatforms) = postSolution
		{7F734CE7-A378-4D9C-B2AD-895FEF64CC44}.Debug|Any CPU.ActiveCfg = Debug|Any CPU
		{7F734CE7-A378-4D9C-B2AD-895FEF64CC44}.Debug|Any CPU.Build.0 = Debug|Any CPU
		{7F734CE7-A378-4D9C-B2AD-895FEF64CC44}.Release|Any CPU.ActiveCfg = Release|Any CPU
		{7F734CE7-A378-4D9C-B2AD-895FEF64CC44}.Release|Any CPU.Build.0 = Release|Any CPU
	EndGlobalSection
	GlobalSection(SolutionProperties) = preSolution
		HideSolutionNode = FALSE
	EndGlobalSection
	GlobalSection(ExtensibilityGlobals) = postSolution
		SolutionGuid = {E5FB3C80-F5DD-40EC-ACDB-D6AD6D7B937E}
	EndGlobalSection
EndGlobal
